// !$*UTF8*$!
{
	archiveVersion = 1;
	classes = {
	};
	objectVersion = 46;
	objects = {

/* Begin PBXBuildFile section */
		C2E92B201D61A8E70037DE79 /* main.m in Sources */ = {isa = PBXBuildFile; fileRef = C2E92B1F1D61A8E70037DE79 /* main.m */; };
		C2E92B231D61A8E70037DE79 /* AppDelegate.m in Sources */ = {isa = PBXBuildFile; fileRef = C2E92B221D61A8E70037DE79 /* AppDelegate.m */; };
		C2E92B291D61A8E70037DE79 /* Main.storyboard in Resources */ = {isa = PBXBuildFile; fileRef = C2E92B271D61A8E70037DE79 /* Main.storyboard */; };
		C2E92B2B1D61A8E70037DE79 /* Assets.xcassets in Resources */ = {isa = PBXBuildFile; fileRef = C2E92B2A1D61A8E70037DE79 /* Assets.xcassets */; };
		C2E92B5B1D61B1710037DE79 /* FFRulerControl.m in Sources */ = {isa = PBXBuildFile; fileRef = C2E92B5A1D61B1710037DE79 /* FFRulerControl.m */; };
		C2E92B5E1D61BE600037DE79 /* IBDemoViewController.m in Sources */ = {isa = PBXBuildFile; fileRef = C2E92B5D1D61BE600037DE79 /* IBDemoViewController.m */; };
		C2E92B611D61BE680037DE79 /* CodeDemoViewController.m in Sources */ = {isa = PBXBuildFile; fileRef = C2E92B601D61BE680037DE79 /* CodeDemoViewController.m */; };
/* End PBXBuildFile section */

/* Begin PBXFileReference section */
		C2E92B1B1D61A8E70037DE79 /* FFRuler.app */ = {isa = PBXFileReference; explicitFileType = wrapper.application; includeInIndex = 0; path = FFRuler.app; sourceTree = BUILT_PRODUCTS_DIR; };
		C2E92B1F1D61A8E70037DE79 /* main.m */ = {isa = PBXFileReference; lastKnownFileType = sourcecode.c.objc; path = main.m; sourceTree = "<group>"; };
		C2E92B211D61A8E70037DE79 /* AppDelegate.h */ = {isa = PBXFileReference; lastKnownFileType = sourcecode.c.h; path = AppDelegate.h; sourceTree = "<group>"; };
		C2E92B221D61A8E70037DE79 /* AppDelegate.m */ = {isa = PBXFileReference; lastKnownFileType = sourcecode.c.objc; path = AppDelegate.m; sourceTree = "<group>"; };
		C2E92B281D61A8E70037DE79 /* Base */ = {isa = PBXFileReference; lastKnownFileType = file.storyboard; name = Base; path = Base.lproj/Main.storyboard; sourceTree = "<group>"; };
		C2E92B2A1D61A8E70037DE79 /* Assets.xcassets */ = {isa = PBXFileReference; lastKnownFileType = folder.assetcatalog; path = Assets.xcassets; sourceTree = "<group>"; };
		C2E92B2F1D61A8E70037DE79 /* Info.plist */ = {isa = PBXFileReference; lastKnownFileType = text.plist.xml; path = Info.plist; sourceTree = "<group>"; };
		C2E92B591D61B1710037DE79 /* FFRulerControl.h */ = {isa = PBXFileReference; fileEncoding = 4; lastKnownFileType = sourcecode.c.h; path = FFRulerControl.h; sourceTree = "<group>"; };
		C2E92B5A1D61B1710037DE79 /* FFRulerControl.m */ = {isa = PBXFileReference; fileEncoding = 4; lastKnownFileType = sourcecode.c.objc; path = FFRulerControl.m; sourceTree = "<group>"; };
		C2E92B5C1D61BE600037DE79 /* IBDemoViewController.h */ = {isa = PBXFileReference; fileEncoding = 4; lastKnownFileType = sourcecode.c.h; path = IBDemoViewController.h; sourceTree = "<group>"; };
		C2E92B5D1D61BE600037DE79 /* IBDemoViewController.m */ = {isa = PBXFileReference; fileEncoding = 4; lastKnownFileType = sourcecode.c.objc; path = IBDemoViewController.m; sourceTree = "<group>"; };
		C2E92B5F1D61BE680037DE79 /* CodeDemoViewController.h */ = {isa = PBXFileReference; fileEncoding = 4; lastKnownFileType = sourcecode.c.h; path = CodeDemoViewController.h; sourceTree = "<group>"; };
		C2E92B601D61BE680037DE79 /* CodeDemoViewController.m */ = {isa = PBXFileReference; fileEncoding = 4; lastKnownFileType = sourcecode.c.objc; path = CodeDemoViewController.m; sourceTree = "<group>"; };
/* End PBXFileReference section */

/* Begin PBXFrameworksBuildPhase section */
		C2E92B181D61A8E70037DE79 /* Frameworks */ = {
			isa = PBXFrameworksBuildPhase;
			buildActionMask = 2147483647;
			files = (
			);
			runOnlyForDeploymentPostprocessing = 0;
		};
/* End PBXFrameworksBuildPhase section */

/* Begin PBXGroup section */
		C2E92B121D61A8E70037DE79 = {
			isa = PBXGroup;
			children = (
				C2E92B1D1D61A8E70037DE79 /* FFRuler */,
				C2E92B1C1D61A8E70037DE79 /* Products */,
			);
			sourceTree = "<group>";
		};
		C2E92B1C1D61A8E70037DE79 /* Products */ = {
			isa = PBXGroup;
			children = (
				C2E92B1B1D61A8E70037DE79 /* FFRuler.app */,
			);
			name = Products;
			sourceTree = "<group>";
		};
		C2E92B1D1D61A8E70037DE79 /* FFRuler */ = {
			isa = PBXGroup;
			children = (
				C2E92B351D61AF090037DE79 /* FFRulerControl */,
				C2E92B211D61A8E70037DE79 /* AppDelegate.h */,
				C2E92B221D61A8E70037DE79 /* AppDelegate.m */,
				C2E92B5C1D61BE600037DE79 /* IBDemoViewController.h */,
				C2E92B5D1D61BE600037DE79 /* IBDemoViewController.m */,
				C2E92B5F1D61BE680037DE79 /* CodeDemoViewController.h */,
				C2E92B601D61BE680037DE79 /* CodeDemoViewController.m */,
				C2E92B271D61A8E70037DE79 /* Main.storyboard */,
				C2E92B2A1D61A8E70037DE79 /* Assets.xcassets */,
				C2E92B2F1D61A8E70037DE79 /* Info.plist */,
				C2E92B1E1D61A8E70037DE79 /* Supporting Files */,
			);
			path = FFRuler;
			sourceTree = "<group>";
		};
		C2E92B1E1D61A8E70037DE79 /* Supporting Files */ = {
			isa = PBXGroup;
			children = (
				C2E92B1F1D61A8E70037DE79 /* main.m */,
			);
			name = "Supporting Files";
			sourceTree = "<group>";
		};
		C2E92B351D61AF090037DE79 /* FFRulerControl */ = {
			isa = PBXGroup;
			children = (
				C2E92B591D61B1710037DE79 /* FFRulerControl.h */,
				C2E92B5A1D61B1710037DE79 /* FFRulerControl.m */,
			);
			path = FFRulerControl;
			sourceTree = "<group>";
		};
/* End PBXGroup section */

/* Begin PBXNativeTarget section */
		C2E92B1A1D61A8E70037DE79 /* FFRuler */ = {
			isa = PBXNativeTarget;
			buildConfigurationList = C2E92B321D61A8E70037DE79 /* Build configuration list for PBXNativeTarget "FFRuler" */;
			buildPhases = (
				C2E92B171D61A8E70037DE79 /* Sources */,
				C2E92B181D61A8E70037DE79 /* Frameworks */,
				C2E92B191D61A8E70037DE79 /* Resources */,
			);
			buildRules = (
			);
			dependencies = (
			);
			name = FFRuler;
			productName = FFRuler;
			productReference = C2E92B1B1D61A8E70037DE79 /* FFRuler.app */;
			productType = "com.apple.product-type.application";
		};
/* End PBXNativeTarget section */

/* Begin PBXProject section */
		C2E92B131D61A8E70037DE79 /* Project object */ = {
			isa = PBXProject;
			attributes = {
				LastUpgradeCheck = 0730;
				ORGANIZATIONNAME = joyios;
				TargetAttributes = {
					C2E92B1A1D61A8E70037DE79 = {
						CreatedOnToolsVersion = 7.3.1;
					};
				};
			};
			buildConfigurationList = C2E92B161D61A8E70037DE79 /* Build configuration list for PBXProject "FFRuler" */;
			compatibilityVersion = "Xcode 3.2";
			developmentRegion = English;
			hasScannedForEncodings = 0;
			knownRegions = (
				en,
				Base,
			);
			mainGroup = C2E92B121D61A8E70037DE79;
			productRefGroup = C2E92B1C1D61A8E70037DE79 /* Products */;
			projectDirPath = "";
			projectRoot = "";
			targets = (
				C2E92B1A1D61A8E70037DE79 /* FFRuler */,
			);
		};
/* End PBXProject section */

/* Begin PBXResourcesBuildPhase section */
		C2E92B191D61A8E70037DE79 /* Resources */ = {
			isa = PBXResourcesBuildPhase;
			buildActionMask = 2147483647;
			files = (
				C2E92B2B1D61A8E70037DE79 /* Assets.xcassets in Resources */,
				C2E92B291D61A8E70037DE79 /* Main.storyboard in Resources */,
			);
			runOnlyForDeploymentPostprocessing = 0;
		};
/* End PBXResourcesBuildPhase section */

/* Begin PBXSourcesBuildPhase section */
		C2E92B171D61A8E70037DE79 /* Sources */ = {
			isa = PBXSourcesBuildPhase;
			buildActionMask = 2147483647;
			files = (
				C2E92B611D61BE680037DE79 /* CodeDemoViewController.m in Sources */,
				C2E92B5E1D61BE600037DE79 /* IBDemoViewController.m in Sources */,
				C2E92B231D61A8E70037DE79 /* AppDelegate.m in Sources */,
				C2E92B5B1D61B1710037DE79 /* FFRulerControl.m in Sources */,
				C2E92B201D61A8E70037DE79 /* main.m in Sources */,
			);
			runOnlyForDeploymentPostprocessing = 0;
		};
/* End PBXSourcesBuildPhase section */

/* Begin PBXVariantGroup section */
		C2E92B271D61A8E70037DE79 /* Main.storyboard */ = {
			isa = PBXVariantGroup;
			children = (
				C2E92B281D61A8E70037DE79 /* Base */,
			);
			name = Main.storyboard;
			sourceTree = "<group>";
		};
/* End PBXVariantGroup section */

/* Begin XCBuildConfiguration section */
		C2E92B301D61A8E70037DE79 /* Debug */ = {
			isa = XCBuildConfiguration;
			buildSettings = {
				ALWAYS_SEARCH_USER_PATHS = NO;
				CLANG_ANALYZER_NONNULL = YES;
				CLANG_CXX_LANGUAGE_STANDARD = "gnu++0x";
				CLANG_CXX_LIBRARY = "libc++";
				CLANG_ENABLE_MODULES = YES;
				CLANG_ENABLE_OBJC_ARC = YES;
				CLANG_WARN_BOOL_CONVERSION = YES;
				CLANG_WARN_CONSTANT_CONVERSION = YES;
				CLANG_WARN_DIRECT_OBJC_ISA_USAGE = YES_ERROR;
				CLANG_WARN_EMPTY_BODY = YES;
				CLANG_WARN_ENUM_CONVERSION = YES;
				CLANG_WARN_INT_CONVERSION = YES;
				CLANG_WARN_OBJC_ROOT_CLASS = YES_ERROR;
				CLANG_WARN_UNREACHABLE_CODE = YES;
				CLANG_WARN__DUPLICATE_METHOD_MATCH = YES;
				"CODE_SIGN_IDENTITY[sdk=iphoneos*]" = "iPhone Developer";
				COPY_PHASE_STRIP = NO;
				DEBUG_INFORMATION_FORMAT = dwarf;
				ENABLE_STRICT_OBJC_MSGSEND = YES;
				ENABLE_TESTABILITY = YES;
				GCC_C_LANGUAGE_STANDARD = gnu99;
				GCC_DYNAMIC_NO_PIC = NO;
				GCC_NO_COMMON_BLOCKS = YES;
				GCC_OPTIMIZATION_LEVEL = 0;
				GCC_PREPROCESSOR_DEFINITIONS = (
					"DEBUG=1",
					"$(inherited)",
				);
				GCC_WARN_64_TO_32_BIT_CONVERSION = YES;
				GCC_WARN_ABOUT_RETURN_TYPE = YES_ERROR;
				GCC_WARN_UNDECLARED_SELECTOR = YES;
				GCC_WARN_UNINITIALIZED_AUTOS = YES_AGGRESSIVE;
				GCC_WARN_UNUSED_FUNCTION = YES;
				GCC_WARN_UNUSED_VARIABLE = YES;
				IPHONEOS_DEPLOYMENT_TARGET = 9.3;
				MTL_ENABLE_DEBUG_INFO = YES;
				ONLY_ACTIVE_ARCH = YES;
				SDKROOT = iphoneos;
			};
			name = Debug;
		};
		C2E92B311D61A8E70037DE79 /* Release */ = {
			isa = XCBuildConfiguration;
			buildSettings = {
				ALWAYS_SEARCH_USER_PATHS = NO;
				CLANG_ANALYZER_NONNULL = YES;
				CLANG_CXX_LANGUAGE_STANDARD = "gnu++0x";
				CLANG_CXX_LIBRARY = "libc++";
				CLANG_ENABLE_MODULES = YES;
				CLANG_ENABLE_OBJC_ARC = YES;
				CLANG_WARN_BOOL_CONVERSION = YES;
				CLANG_WARN_CONSTANT_CONVERSION = YES;
				CLANG_WARN_DIRECT_OBJC_ISA_USAGE = YES_ERROR;
				CLANG_WARN_EMPTY_BODY = YES;
				CLANG_WARN_ENUM_CONVERSION = YES;
				CLANG_WARN_INT_CONVERSION = YES;
				CLANG_WARN_OBJC_ROOT_CLASS = YES_ERROR;
				CLANG_WARN_UNREACHABLE_CODE = YES;
				CLANG_WARN__DUPLICATE_METHOD_MATCH = YES;
				"CODE_SIGN_IDENTITY[sdk=iphoneos*]" = "iPhone Developer";
				COPY_PHASE_STRIP = NO;
				DEBUG_INFORMATION_FORMAT = "dwarf-with-dsym";
				ENABLE_NS_ASSERTIONS = NO;
				ENABLE_STRICT_OBJC_MSGSEND = YES;
				GCC_C_LANGUAGE_STANDARD = gnu99;
				GCC_NO_COMMON_BLOCKS = YES;
				GCC_WARN_64_TO_32_BIT_CONVERSION = YES;
				GCC_WARN_ABOUT_RETURN_TYPE = YES_ERROR;
				GCC_WARN_UNDECLARED_SELECTOR = YES;
				GCC_WARN_UNINITIALIZED_AUTOS = YES_AGGRESSIVE;
				GCC_WARN_UNUSED_FUNCTION = YES;
				GCC_WARN_UNUSED_VARIABLE = YES;
				IPHONEOS_DEPLOYMENT_TARGET = 9.3;
				MTL_ENABLE_DEBUG_INFO = NO;
				SDKROOT = iphoneos;
				VALIDATE_PRODUCT = YES;
			};
			name = Release;
		};
		C2E92B331D61A8E70037DE79 /* Debug */ = {
			isa = XCBuildConfiguration;
			buildSettings = {
				ASSETCATALOG_COMPILER_APPICON_NAME = AppIcon;
				ASSETCATALOG_COMPILER_LAUNCHIMAGE_NAME = "Brand Assets";
				INFOPLIST_FILE = FFRuler/Info.plist;
				IPHONEOS_DEPLOYMENT_TARGET = 7.0;
				LD_RUNPATH_SEARCH_PATHS = "$(inherited) @executable_path/Frameworks";
				PRODUCT_BUNDLE_IDENTIFIER = com.joyios.FFRuler;
				PRODUCT_NAME = "$(TARGET_NAME)";
			};
			name = Debug;
		};
		C2E92B341D61A8E70037DE79 /* Release */ = {
			isa = XCBuildConfiguration;
			buildSettings = {
				ASSETCATALOG_COMPILER_APPICON_NAME = AppIcon;
				ASSETCATALOG_COMPILER_LAUNCHIMAGE_NAME = "Brand Assets";
				INFOPLIST_FILE = FFRuler/Info.plist;
				IPHONEOS_DEPLOYMENT_TARGET = 7.0;
				LD_RUNPATH_SEARCH_PATHS = "$(inherited) @executable_path/Frameworks";
				PRODUCT_BUNDLE_IDENTIFIER = com.joyios.FFRuler;
				PRODUCT_NAME = "$(TARGET_NAME)";
			};
			name = Release;
		};
/* End XCBuildConfiguration section */

/* Begin XCConfigurationList section */
		C2E92B161D61A8E70037DE79 /* Build configuration list for PBXProject "FFRuler" */ = {
			isa = XCConfigurationList;
			buildConfigurations = (
				C2E92B301D61A8E70037DE79 /* Debug */,
				C2E92B311D61A8E70037DE79 /* Release */,
			);
			defaultConfigurationIsVisible = 0;
			defaultConfigurationName = Release;
		};
		C2E92B321D61A8E70037DE79 /* Build configuration list for PBXNativeTarget "FFRuler" */ = {
			isa = XCConfigurationList;
			buildConfigurations = (
				C2E92B331D61A8E70037DE79 /* Debug */,
				C2E92B341D61A8E70037DE79 /* Release */,
			);
			defaultConfigurationIsVisible = 0;
		};
/* End XCConfigurationList section */
	};
	rootObject = C2E92B131D61A8E70037DE79 /* Project object */;
}
